
Microsoft Visual Studio Solution File, Format Version 12.00
# Visual Studio Version 16
VisualStudioVersion = 16.0.31313.79
MinimumVisualStudioVersion = 10.0.40219.1
Project("{FAE04EC0-301F-11D3-BF4B-00C04F79EFBC}") = "FirstStudy", "FirstStudy\FirstStudy.csproj", "{7CB0C8C9-4ADB-42A8-8FA7-48FC52977AD3}"
EndProject
Global
	GlobalSection(SolutionConfigurationPlatforms) = preSolution
		Debug|Any CPU = Debug|Any CPU
		Release|Any CPU = Release|Any CPU
	EndGlobalSection
	GlobalSection(ProjectConfigurationPlatforms) = postSolution
		{7CB0C8C9-4ADB-42A8-8FA7-48FC52977AD3}.Debug|Any CPU.ActiveCfg = Debug|Any CPU
		{7CB0C8C9-4ADB-42A8-8FA7-48FC52977AD3}.Debug|Any CPU.Build.0 = Debug|Any CPU
		{7CB0C8C9-4ADB-42A8-8FA7-48FC52977AD3}.Release|Any CPU.ActiveCfg = Release|Any CPU
		{7CB0C8C9-4ADB-42A8-8FA7-48FC52977AD3}.Release|Any CPU.Build.0 = Release|Any CPU
	EndGlobalSection
	GlobalSection(SolutionProperties) = preSolution
		HideSolutionNode = FALSE
	EndGlobalSection
	GlobalSection(ExtensibilityGlobals) = postSolution
		SolutionGuid = {D4E049C8-0FB8-41D3-ACCF-A25DE6CE82A6}
	EndGlobalSection
EndGlobal
