
Microsoft Visual Studio Solution File, Format Version 12.00
# Visual Studio Version 17
VisualStudioVersion = 17.4.33205.214
MinimumVisualStudioVersion = 10.0.40219.1
Project("{FAE04EC0-301F-11D3-BF4B-00C04F79EFBC}") = "App1.UWP", "App1\App1.UWP\App1.UWP.csproj", "{D79D2DD8-1F62-44DA-AAFF-22B3A8D9BA4A}"
EndProject
Project("{FAE04EC0-301F-11D3-BF4B-00C04F79EFBC}") = "App1.Android", "App1\App1.Android\App1.Android.csproj", "{C9E5F19C-C21A-4D8D-A3F9-4FF435FA97D4}"
EndProject
Project("{FAE04EC0-301F-11D3-BF4B-00C04F79EFBC}") = "App1.iOS", "App1\App1.iOS\App1.iOS.csproj", "{F6796BF4-9C7A-46CA-A42E-42D943F2F5AE}"
EndProject
Project("{FAE04EC0-301F-11D3-BF4B-00C04F79EFBC}") = "App1", "App1\App1\App1.csproj", "{359BB88E-B6A7-4D54-9B02-B786CBCD2683}"
EndProject
Global
	GlobalSection(SolutionConfigurationPlatforms) = preSolution
		Debug|Any CPU = Debug|Any CPU
		Debug|ARM = Debug|ARM
		Debug|iPhone = Debug|iPhone
		Debug|iPhoneSimulator = Debug|iPhoneSimulator
		Debug|x64 = Debug|x64
		Debug|x86 = Debug|x86
		Release|Any CPU = Release|Any CPU
		Release|ARM = Release|ARM
		Release|iPhone = Release|iPhone
		Release|iPhoneSimulator = Release|iPhoneSimulator
		Release|x64 = Release|x64
		Release|x86 = Release|x86
	EndGlobalSection
	GlobalSection(ProjectConfigurationPlatforms) = postSolution
		{D79D2DD8-1F62-44DA-AAFF-22B3A8D9BA4A}.Debug|Any CPU.ActiveCfg = Debug|x64
		{D79D2DD8-1F62-44DA-AAFF-22B3A8D9BA4A}.Debug|Any CPU.Build.0 = Debug|x64
		{D79D2DD8-1F62-44DA-AAFF-22B3A8D9BA4A}.Debug|Any CPU.Deploy.0 = Debug|x64
		{D79D2DD8-1F62-44DA-AAFF-22B3A8D9BA4A}.Debug|ARM.ActiveCfg = Debug|ARM
		{D79D2DD8-1F62-44DA-AAFF-22B3A8D9BA4A}.Debug|ARM.Build.0 = Debug|ARM
		{D79D2DD8-1F62-44DA-AAFF-22B3A8D9BA4A}.Debug|ARM.Deploy.0 = Debug|ARM
		{D79D2DD8-1F62-44DA-AAFF-22B3A8D9BA4A}.Debug|iPhone.ActiveCfg = Debug|x64
		{D79D2DD8-1F62-44DA-AAFF-22B3A8D9BA4A}.Debug|iPhone.Build.0 = Debug|x64
		{D79D2DD8-1F62-44DA-AAFF-22B3A8D9BA4A}.Debug|iPhone.Deploy.0 = Debug|x64
		{D79D2DD8-1F62-44DA-AAFF-22B3A8D9BA4A}.Debug|iPhoneSimulator.ActiveCfg = Debug|x64
		{D79D2DD8-1F62-44DA-AAFF-22B3A8D9BA4A}.Debug|iPhoneSimulator.Build.0 = Debug|x64
		{D79D2DD8-1F62-44DA-AAFF-22B3A8D9BA4A}.Debug|iPhoneSimulator.Deploy.0 = Debug|x64
		{D79D2DD8-1F62-44DA-AAFF-22B3A8D9BA4A}.Debug|x64.ActiveCfg = Debug|x64
		{D79D2DD8-1F62-44DA-AAFF-22B3A8D9BA4A}.Debug|x64.Build.0 = Debug|x64
		{D79D2DD8-1F62-44DA-AAFF-22B3A8D9BA4A}.Debug|x64.Deploy.0 = Debug|x64
		{D79D2DD8-1F62-44DA-AAFF-22B3A8D9BA4A}.Debug|x86.ActiveCfg = Debug|x86
		{D79D2DD8-1F62-44DA-AAFF-22B3A8D9BA4A}.Debug|x86.Build.0 = Debug|x86
		{D79D2DD8-1F62-44DA-AAFF-22B3A8D9BA4A}.Debug|x86.Deploy.0 = Debug|x86
		{D79D2DD8-1F62-44DA-AAFF-22B3A8D9BA4A}.Release|Any CPU.ActiveCfg = Release|x64
		{D79D2DD8-1F62-44DA-AAFF-22B3A8D9BA4A}.Release|Any CPU.Build.0 = Release|x64
		{D79D2DD8-1F62-44DA-AAFF-22B3A8D9BA4A}.Release|Any CPU.Deploy.0 = Release|x64
		{D79D2DD8-1F62-44DA-AAFF-22B3A8D9BA4A}.Release|ARM.ActiveCfg = Release|ARM
		{D79D2DD8-1F62-44DA-AAFF-22B3A8D9BA4A}.Release|ARM.Build.0 = Release|ARM
		{D79D2DD8-1F62-44DA-AAFF-22B3A8D9BA4A}.Release|ARM.Deploy.0 = Release|ARM
		{D79D2DD8-1F62-44DA-AAFF-22B3A8D9BA4A}.Release|iPhone.ActiveCfg = Release|x64
		{D79D2DD8-1F62-44DA-AAFF-22B3A8D9BA4A}.Release|iPhone.Build.0 = Release|x64
		{D79D2DD8-1F62-44DA-AAFF-22B3A8D9BA4A}.Release|iPhone.Deploy.0 = Release|x64
		{D79D2DD8-1F62-44DA-AAFF-22B3A8D9BA4A}.Release|iPhoneSimulator.ActiveCfg = Release|x64
		{D79D2DD8-1F62-44DA-AAFF-22B3A8D9BA4A}.Release|iPhoneSimulator.Build.0 = Release|x64
		{D79D2DD8-1F62-44DA-AAFF-22B3A8D9BA4A}.Release|iPhoneSimulator.Deploy.0 = Release|x64
		{D79D2DD8-1F62-44DA-AAFF-22B3A8D9BA4A}.Release|x64.ActiveCfg = Release|x64
		{D79D2DD8-1F62-44DA-AAFF-22B3A8D9BA4A}.Release|x64.Build.0 = Release|x64
		{D79D2DD8-1F62-44DA-AAFF-22B3A8D9BA4A}.Release|x64.Deploy.0 = Release|x64
		{D79D2DD8-1F62-44DA-AAFF-22B3A8D9BA4A}.Release|x86.ActiveCfg = Release|x86
		{D79D2DD8-1F62-44DA-AAFF-22B3A8D9BA4A}.Release|x86.Build.0 = Release|x86
		{D79D2DD8-1F62-44DA-AAFF-22B3A8D9BA4A}.Release|x86.Deploy.0 = Release|x86
		{C9E5F19C-C21A-4D8D-A3F9-4FF435FA97D4}.Debug|Any CPU.ActiveCfg = Debug|Any CPU
		{C9E5F19C-C21A-4D8D-A3F9-4FF435FA97D4}.Debug|Any CPU.Build.0 = Debug|Any CPU
		{C9E5F19C-C21A-4D8D-A3F9-4FF435FA97D4}.Debug|Any CPU.Deploy.0 = Debug|Any CPU
		{C9E5F19C-C21A-4D8D-A3F9-4FF435FA97D4}.Debug|ARM.ActiveCfg = Debug|Any CPU
		{C9E5F19C-C21A-4D8D-A3F9-4FF435FA97D4}.Debug|ARM.Build.0 = Debug|Any CPU
		{C9E5F19C-C21A-4D8D-A3F9-4FF435FA97D4}.Debug|ARM.Deploy.0 = Debug|Any CPU
		{C9E5F19C-C21A-4D8D-A3F9-4FF435FA97D4}.Debug|iPhone.ActiveCfg = Debug|Any CPU
		{C9E5F19C-C21A-4D8D-A3F9-4FF435FA97D4}.Debug|iPhone.Build.0 = Debug|Any CPU
		{C9E5F19C-C21A-4D8D-A3F9-4FF435FA97D4}.Debug|iPhone.Deploy.0 = Debug|Any CPU
		{C9E5F19C-C21A-4D8D-A3F9-4FF435FA97D4}.Debug|iPhoneSimulator.ActiveCfg = Debug|Any CPU
		{C9E5F19C-C21A-4D8D-A3F9-4FF435FA97D4}.Debug|iPhoneSimulator.Build.0 = Debug|Any CPU
		{C9E5F19C-C21A-4D8D-A3F9-4FF435FA97D4}.Debug|iPhoneSimulator.Deploy.0 = Debug|Any CPU
		{C9E5F19C-C21A-4D8D-A3F9-4FF435FA97D4}.Debug|x64.ActiveCfg = Debug|Any CPU
		{C9E5F19C-C21A-4D8D-A3F9-4FF435FA97D4}.Debug|x64.Build.0 = Debug|Any CPU
		{C9E5F19C-C21A-4D8D-A3F9-4FF435FA97D4}.Debug|x64.Deploy.0 = Debug|Any CPU
		{C9E5F19C-C21A-4D8D-A3F9-4FF435FA97D4}.Debug|x86.ActiveCfg = Debug|Any CPU
		{C9E5F19C-C21A-4D8D-A3F9-4FF435FA97D4}.Debug|x86.Build.0 = Debug|Any CPU
		{C9E5F19C-C21A-4D8D-A3F9-4FF435FA97D4}.Debug|x86.Deploy.0 = Debug|Any CPU
		{C9E5F19C-C21A-4D8D-A3F9-4FF435FA97D4}.Release|Any CPU.ActiveCfg = Release|Any CPU
		{C9E5F19C-C21A-4D8D-A3F9-4FF435FA97D4}.Release|Any CPU.Build.0 = Release|Any CPU
		{C9E5F19C-C21A-4D8D-A3F9-4FF435FA97D4}.Release|Any CPU.Deploy.0 = Release|Any CPU
		{C9E5F19C-C21A-4D8D-A3F9-4FF435FA97D4}.Release|ARM.ActiveCfg = Release|Any CPU
		{C9E5F19C-C21A-4D8D-A3F9-4FF435FA97D4}.Release|ARM.Build.0 = Release|Any CPU
		{C9E5F19C-C21A-4D8D-A3F9-4FF435FA97D4}.Release|ARM.Deploy.0 = Release|Any CPU
		{C9E5F19C-C21A-4D8D-A3F9-4FF435FA97D4}.Release|iPhone.ActiveCfg = Release|Any CPU
		{C9E5F19C-C21A-4D8D-A3F9-4FF435FA97D4}.Release|iPhone.Build.0 = Release|Any CPU
		{C9E5F19C-C21A-4D8D-A3F9-4FF435FA97D4}.Release|iPhone.Deploy.0 = Release|Any CPU
		{C9E5F19C-C21A-4D8D-A3F9-4FF435FA97D4}.Release|iPhoneSimulator.ActiveCfg = Release|Any CPU
		{C9E5F19C-C21A-4D8D-A3F9-4FF435FA97D4}.Release|iPhoneSimulator.Build.0 = Release|Any CPU
		{C9E5F19C-C21A-4D8D-A3F9-4FF435FA97D4}.Release|iPhoneSimulator.Deploy.0 = Release|Any CPU
		{C9E5F19C-C21A-4D8D-A3F9-4FF435FA97D4}.Release|x64.ActiveCfg = Release|Any CPU
		{C9E5F19C-C21A-4D8D-A3F9-4FF435FA97D4}.Release|x64.Build.0 = Release|Any CPU
		{C9E5F19C-C21A-4D8D-A3F9-4FF435FA97D4}.Release|x64.Deploy.0 = Release|Any CPU
		{C9E5F19C-C21A-4D8D-A3F9-4FF435FA97D4}.Release|x86.ActiveCfg = Release|Any CPU
		{C9E5F19C-C21A-4D8D-A3F9-4FF435FA97D4}.Release|x86.Build.0 = Release|Any CPU
		{C9E5F19C-C21A-4D8D-A3F9-4FF435FA97D4}.Release|x86.Deploy.0 = Release|Any CPU
		{F6796BF4-9C7A-46CA-A42E-42D943F2F5AE}.Debug|Any CPU.ActiveCfg = Debug|iPhoneSimulator
		{F6796BF4-9C7A-46CA-A42E-42D943F2F5AE}.Debug|Any CPU.Build.0 = Debug|iPhoneSimulator
		{F6796BF4-9C7A-46CA-A42E-42D943F2F5AE}.Debug|Any CPU.Deploy.0 = Debug|iPhoneSimulator
		{F6796BF4-9C7A-46CA-A42E-42D943F2F5AE}.Debug|ARM.ActiveCfg = Debug|iPhoneSimulator
		{F6796BF4-9C7A-46CA-A42E-42D943F2F5AE}.Debug|ARM.Build.0 = Debug|iPhoneSimulator
		{F6796BF4-9C7A-46CA-A42E-42D943F2F5AE}.Debug|ARM.Deploy.0 = Debug|iPhoneSimulator
		{F6796BF4-9C7A-46CA-A42E-42D943F2F5AE}.Debug|iPhone.ActiveCfg = Debug|iPhone
		{F6796BF4-9C7A-46CA-A42E-42D943F2F5AE}.Debug|iPhone.Build.0 = Debug|iPhone
		{F6796BF4-9C7A-46CA-A42E-42D943F2F5AE}.Debug|iPhone.Deploy.0 = Debug|iPhone
		{F6796BF4-9C7A-46CA-A42E-42D943F2F5AE}.Debug|iPhoneSimulator.ActiveCfg = Debug|iPhoneSimulator
		{F6796BF4-9C7A-46CA-A42E-42D943F2F5AE}.Debug|iPhoneSimulator.Build.0 = Debug|iPhoneSimulator
		{F6796BF4-9C7A-46CA-A42E-42D943F2F5AE}.Debug|iPhoneSimulator.Deploy.0 = Debug|iPhoneSimulator
		{F6796BF4-9C7A-46CA-A42E-42D943F2F5AE}.Debug|x64.ActiveCfg = Debug|iPhone
		{F6796BF4-9C7A-46CA-A42E-42D943F2F5AE}.Debug|x64.Build.0 = Debug|iPhone
		{F6796BF4-9C7A-46CA-A42E-42D943F2F5AE}.Debug|x64.Deploy.0 = Debug|iPhone
		{F6796BF4-9C7A-46CA-A42E-42D943F2F5AE}.Debug|x86.ActiveCfg = Debug|iPhoneSimulator
		{F6796BF4-9C7A-46CA-A42E-42D943F2F5AE}.Debug|x86.Build.0 = Debug|iPhoneSimulator
		{F6796BF4-9C7A-46CA-A42E-42D943F2F5AE}.Debug|x86.Deploy.0 = Debug|iPhoneSimulator
		{F6796BF4-9C7A-46CA-A42E-42D943F2F5AE}.Release|Any CPU.ActiveCfg = Release|iPhoneSimulator
		{F6796BF4-9C7A-46CA-A42E-42D943F2F5AE}.Release|Any CPU.Build.0 = Release|iPhoneSimulator
		{F6796BF4-9C7A-46CA-A42E-42D943F2F5AE}.Release|Any CPU.Deploy.0 = Release|iPhoneSimulator
		{F6796BF4-9C7A-46CA-A42E-42D943F2F5AE}.Release|ARM.ActiveCfg = Release|iPhoneSimulator
		{F6796BF4-9C7A-46CA-A42E-42D943F2F5AE}.Release|ARM.Build.0 = Release|iPhoneSimulator
		{F6796BF4-9C7A-46CA-A42E-42D943F2F5AE}.Release|ARM.Deploy.0 = Release|iPhoneSimulator
		{F6796BF4-9C7A-46CA-A42E-42D943F2F5AE}.Release|iPhone.ActiveCfg = Release|iPhone
		{F6796BF4-9C7A-46CA-A42E-42D943F2F5AE}.Release|iPhone.Build.0 = Release|iPhone
		{F6796BF4-9C7A-46CA-A42E-42D943F2F5AE}.Release|iPhone.Deploy.0 = Release|iPhone
		{F6796BF4-9C7A-46CA-A42E-42D943F2F5AE}.Release|iPhoneSimulator.ActiveCfg = Release|iPhoneSimulator
		{F6796BF4-9C7A-46CA-A42E-42D943F2F5AE}.Release|iPhoneSimulator.Build.0 = Release|iPhoneSimulator
		{F6796BF4-9C7A-46CA-A42E-42D943F2F5AE}.Release|iPhoneSimulator.Deploy.0 = Release|iPhoneSimulator
		{F6796BF4-9C7A-46CA-A42E-42D943F2F5AE}.Release|x64.ActiveCfg = Release|iPhoneSimulator
		{F6796BF4-9C7A-46CA-A42E-42D943F2F5AE}.Release|x64.Build.0 = Release|iPhoneSimulator
		{F6796BF4-9C7A-46CA-A42E-42D943F2F5AE}.Release|x64.Deploy.0 = Release|iPhoneSimulator
		{F6796BF4-9C7A-46CA-A42E-42D943F2F5AE}.Release|x86.ActiveCfg = Release|iPhoneSimulator
		{F6796BF4-9C7A-46CA-A42E-42D943F2F5AE}.Release|x86.Build.0 = Release|iPhoneSimulator
		{F6796BF4-9C7A-46CA-A42E-42D943F2F5AE}.Release|x86.Deploy.0 = Release|iPhoneSimulator
		{359BB88E-B6A7-4D54-9B02-B786CBCD2683}.Debug|Any CPU.ActiveCfg = Debug|Any CPU
		{359BB88E-B6A7-4D54-9B02-B786CBCD2683}.Debug|Any CPU.Build.0 = Debug|Any CPU
		{359BB88E-B6A7-4D54-9B02-B786CBCD2683}.Debug|Any CPU.Deploy.0 = Debug|Any CPU
		{359BB88E-B6A7-4D54-9B02-B786CBCD2683}.Debug|ARM.ActiveCfg = Debug|Any CPU
		{359BB88E-B6A7-4D54-9B02-B786CBCD2683}.Debug|ARM.Build.0 = Debug|Any CPU
		{359BB88E-B6A7-4D54-9B02-B786CBCD2683}.Debug|ARM.Deploy.0 = Debug|Any CPU
		{359BB88E-B6A7-4D54-9B02-B786CBCD2683}.Debug|iPhone.ActiveCfg = Debug|Any CPU
		{359BB88E-B6A7-4D54-9B02-B786CBCD2683}.Debug|iPhone.Build.0 = Debug|Any CPU
		{359BB88E-B6A7-4D54-9B02-B786CBCD2683}.Debug|iPhone.Deploy.0 = Debug|Any CPU
		{359BB88E-B6A7-4D54-9B02-B786CBCD2683}.Debug|iPhoneSimulator.ActiveCfg = Debug|Any CPU
		{359BB88E-B6A7-4D54-9B02-B786CBCD2683}.Debug|iPhoneSimulator.Build.0 = Debug|Any CPU
		{359BB88E-B6A7-4D54-9B02-B786CBCD2683}.Debug|iPhoneSimulator.Deploy.0 = Debug|Any CPU
		{359BB88E-B6A7-4D54-9B02-B786CBCD2683}.Debug|x64.ActiveCfg = Debug|Any CPU
		{359BB88E-B6A7-4D54-9B02-B786CBCD2683}.Debug|x64.Build.0 = Debug|Any CPU
		{359BB88E-B6A7-4D54-9B02-B786CBCD2683}.Debug|x64.Deploy.0 = Debug|Any CPU
		{359BB88E-B6A7-4D54-9B02-B786CBCD2683}.Debug|x86.ActiveCfg = Debug|Any CPU
		{359BB88E-B6A7-4D54-9B02-B786CBCD2683}.Debug|x86.Build.0 = Debug|Any CPU
		{359BB88E-B6A7-4D54-9B02-B786CBCD2683}.Debug|x86.Deploy.0 = Debug|Any CPU
		{359BB88E-B6A7-4D54-9B02-B786CBCD2683}.Release|Any CPU.ActiveCfg = Release|Any CPU
		{359BB88E-B6A7-4D54-9B02-B786CBCD2683}.Release|Any CPU.Build.0 = Release|Any CPU
		{359BB88E-B6A7-4D54-9B02-B786CBCD2683}.Release|Any CPU.Deploy.0 = Release|Any CPU
		{359BB88E-B6A7-4D54-9B02-B786CBCD2683}.Release|ARM.ActiveCfg = Release|Any CPU
		{359BB88E-B6A7-4D54-9B02-B786CBCD2683}.Release|ARM.Build.0 = Release|Any CPU
		{359BB88E-B6A7-4D54-9B02-B786CBCD2683}.Release|ARM.Deploy.0 = Release|Any CPU
		{359BB88E-B6A7-4D54-9B02-B786CBCD2683}.Release|iPhone.ActiveCfg = Release|Any CPU
		{359BB88E-B6A7-4D54-9B02-B786CBCD2683}.Release|iPhone.Build.0 = Release|Any CPU
		{359BB88E-B6A7-4D54-9B02-B786CBCD2683}.Release|iPhone.Deploy.0 = Release|Any CPU
		{359BB88E-B6A7-4D54-9B02-B786CBCD2683}.Release|iPhoneSimulator.ActiveCfg = Release|Any CPU
		{359BB88E-B6A7-4D54-9B02-B786CBCD2683}.Release|iPhoneSimulator.Build.0 = Release|Any CPU
		{359BB88E-B6A7-4D54-9B02-B786CBCD2683}.Release|iPhoneSimulator.Deploy.0 = Release|Any CPU
		{359BB88E-B6A7-4D54-9B02-B786CBCD2683}.Release|x64.ActiveCfg = Release|Any CPU
		{359BB88E-B6A7-4D54-9B02-B786CBCD2683}.Release|x64.Build.0 = Release|Any CPU
		{359BB88E-B6A7-4D54-9B02-B786CBCD2683}.Release|x64.Deploy.0 = Release|Any CPU
		{359BB88E-B6A7-4D54-9B02-B786CBCD2683}.Release|x86.ActiveCfg = Release|Any CPU
		{359BB88E-B6A7-4D54-9B02-B786CBCD2683}.Release|x86.Build.0 = Release|Any CPU
		{359BB88E-B6A7-4D54-9B02-B786CBCD2683}.Release|x86.Deploy.0 = Release|Any CPU
	EndGlobalSection
	GlobalSection(SolutionProperties) = preSolution
		HideSolutionNode = FALSE
	EndGlobalSection
	GlobalSection(ExtensibilityGlobals) = postSolution
		SolutionGuid = {E0714029-8A66-4F10-B187-227D53B832DA}
	EndGlobalSection
EndGlobal
